# This file is automatically @generated by Cargo.
# It is not intended for manual editing.
version = 4

[[package]]
name = "arch-aarch64"
version = "0.1.0"
dependencies = [
 "bootcore",
]

[[package]]
name = "arch-armv6m"
version = "0.1.0"
dependencies = [
 "bootcore",
]

[[package]]
name = "bootcore"
version = "0.1.0"

[[package]]
name = "rustboot-kickpi-k2b"
version = "0.1.0"
dependencies = [
 "arch-aarch64",
 "bootcore",
]

[[package]]
name = "rustboot-pi-zero2"
version = "0.1.0"
dependencies = [
 "arch-aarch64",
 "bootcore",
]

[[package]]
name = "rustboot-pi5"
version = "0.1.0"
dependencies = [
 "arch-aarch64",
 "bootcore",
]

[[package]]
name = "rustboot-rp2040"
version = "0.1.0"
dependencies = [
 "arch-armv6m",
 "bootcore",
]

[[package]]
name = "xtask"
version = "0.1.0"
